{
  "name": "time_manager",
  "lockfileVersion": 2,
  "requires": true,
  "packages": {
    "": {
      "dependencies": {
        "pygments": "^0.2.1"
      }
    },
    "node_modules/pygments": {
      "version": "0.2.1",
      "resolved": "https://registry.npmjs.org/pygments/-/pygments-0.2.1.tgz",
      "integrity": "sha512-S+pEGEYdeTKBuVVKqTpMwUKC3hJpX+3Hql+L/w9rUO+q+TlRV2IILmnDyC2sbAwn1nDrStpedVBzlLtXTfX4LA==",
      "engines": {
        "node": ">=0.4"
      }
    }
  },
  "dependencies": {
    "pygments": {
      "version": "0.2.1",
      "resolved": "https://registry.npmjs.org/pygments/-/pygments-0.2.1.tgz",
      "integrity": "sha512-S+pEGEYdeTKBuVVKqTpMwUKC3hJpX+3Hql+L/w9rUO+q+TlRV2IILmnDyC2sbAwn1nDrStpedVBzlLtXTfX4LA=="
    }
  }
}
